{
  "version": 4,
  "terraform_version": "1.10.2",
  "serial": 7,
  "lineage": "e4ddebec-8476-760a-7ccc-e8eec1f7160c",
  "outputs": {},
  "resources": [
    {
      "mode": "managed",
      "type": "digitalocean_container_registry",
      "name": "registry",
      "provider": "provider[\"registry.terraform.io/digitalocean/digitalocean\"]",
      "instances": [
        {
          "schema_version": 0,
          "attributes": {
            "created_at": "2024-12-13 04:07:24 +0000 UTC",
            "endpoint": "registry.digitalocean.com/hikestack-registry",
            "id": "hikestack-registry",
            "name": "hikestack-registry",
            "region": "sfo2",
            "server_url": "registry.digitalocean.com",
            "storage_usage_bytes": 0,
            "subscription_tier_slug": "starter"
          },
          "sensitive_attributes": [],
          "private": "bnVsbA=="
        }
      ]
    }
  ],
  "check_results": null
}
